
Microsoft Visual Studio Solution File, Format Version 12.00
# Visual Studio Version 17
VisualStudioVersion = 17.9.34723.18
MinimumVisualStudioVersion = 10.0.40219.1
Project("{FAE04EC0-301F-11D3-BF4B-00C04F79EFBC}") = "cerazoExamen", "cerazoExamen.csproj", "{59990719-64D6-4384-A0B4-569B2FB5BC6A}"
EndProject
Global
	GlobalSection(SolutionConfigurationPlatforms) = preSolution
		Debug|Any CPU = Debug|Any CPU
		Release|Any CPU = Release|Any CPU
	EndGlobalSection
	GlobalSection(ProjectConfigurationPlatforms) = postSolution
		{59990719-64D6-4384-A0B4-569B2FB5BC6A}.Debug|Any CPU.ActiveCfg = Debug|Any CPU
		{59990719-64D6-4384-A0B4-569B2FB5BC6A}.Debug|Any CPU.Build.0 = Debug|Any CPU
		{59990719-64D6-4384-A0B4-569B2FB5BC6A}.Debug|Any CPU.Deploy.0 = Debug|Any CPU
		{59990719-64D6-4384-A0B4-569B2FB5BC6A}.Release|Any CPU.ActiveCfg = Release|Any CPU
		{59990719-64D6-4384-A0B4-569B2FB5BC6A}.Release|Any CPU.Build.0 = Release|Any CPU
		{59990719-64D6-4384-A0B4-569B2FB5BC6A}.Release|Any CPU.Deploy.0 = Release|Any CPU
	EndGlobalSection
	GlobalSection(SolutionProperties) = preSolution
		HideSolutionNode = FALSE
	EndGlobalSection
	GlobalSection(ExtensibilityGlobals) = postSolution
		SolutionGuid = {E4066868-37A5-42A7-B167-28A744B6DCCD}
	EndGlobalSection
EndGlobal
